// !$*UTF8*$!
{
	archiveVersion = 1;
	classes = {
	};
	objectVersion = 50;
	objects = {

/* Begin PBXBuildFile section */
		36CED61021FFBA2F00CF0C8C /* AppDelegate.swift in Sources */ = {isa = PBXBuildFile; fileRef = 36CED60F21FFBA2F00CF0C8C /* AppDelegate.swift */; };
		36CED61221FFBA2F00CF0C8C /* ViewController.swift in Sources */ = {isa = PBXBuildFile; fileRef = 36CED61121FFBA2F00CF0C8C /* ViewController.swift */; };
		36CED61521FFBA2F00CF0C8C /* Main.storyboard in Resources */ = {isa = PBXBuildFile; fileRef = 36CED61321FFBA2F00CF0C8C /* Main.storyboard */; };
		36CED61721FFBA3100CF0C8C /* Assets.xcassets in Resources */ = {isa = PBXBuildFile; fileRef = 36CED61621FFBA3100CF0C8C /* Assets.xcassets */; };
		36CED61A21FFBA3100CF0C8C /* LaunchScreen.storyboard in Resources */ = {isa = PBXBuildFile; fileRef = 36CED61821FFBA3100CF0C8C /* LaunchScreen.storyboard */; };
		36CED62521FFBA3100CF0C8C /* TipCalTests.swift in Sources */ = {isa = PBXBuildFile; fileRef = 36CED62421FFBA3100CF0C8C /* TipCalTests.swift */; };
		36CED63021FFBA3100CF0C8C /* TipCalUITests.swift in Sources */ = {isa = PBXBuildFile; fileRef = 36CED62F21FFBA3100CF0C8C /* TipCalUITests.swift */; };
/* End PBXBuildFile section */

/* Begin PBXContainerItemProxy section */
		36CED62121FFBA3100CF0C8C /* PBXContainerItemProxy */ = {
			isa = PBXContainerItemProxy;
			containerPortal = 36CED60421FFBA2F00CF0C8C /* Project object */;
			proxyType = 1;
			remoteGlobalIDString = 36CED60B21FFBA2F00CF0C8C;
			remoteInfo = TipCal;
		};
		36CED62C21FFBA3100CF0C8C /* PBXContainerItemProxy */ = {
			isa = PBXContainerItemProxy;
			containerPortal = 36CED60421FFBA2F00CF0C8C /* Project object */;
			proxyType = 1;
			remoteGlobalIDString = 36CED60B21FFBA2F00CF0C8C;
			remoteInfo = TipCal;
		};
/* End PBXContainerItemProxy section */

/* Begin PBXFileReference section */
		36CED60C21FFBA2F00CF0C8C /* TipCal.app */ = {isa = PBXFileReference; explicitFileType = wrapper.application; includeInIndex = 0; path = TipCal.app; sourceTree = BUILT_PRODUCTS_DIR; };
		36CED60F21FFBA2F00CF0C8C /* AppDelegate.swift */ = {isa = PBXFileReference; lastKnownFileType = sourcecode.swift; path = AppDelegate.swift; sourceTree = "<group>"; };
		36CED61121FFBA2F00CF0C8C /* ViewController.swift */ = {isa = PBXFileReference; lastKnownFileType = sourcecode.swift; path = ViewController.swift; sourceTree = "<group>"; };
		36CED61421FFBA2F00CF0C8C /* Base */ = {isa = PBXFileReference; lastKnownFileType = file.storyboard; name = Base; path = Base.lproj/Main.storyboard; sourceTree = "<group>"; };
		36CED61621FFBA3100CF0C8C /* Assets.xcassets */ = {isa = PBXFileReference; lastKnownFileType = folder.assetcatalog; path = Assets.xcassets; sourceTree = "<group>"; };
		36CED61921FFBA3100CF0C8C /* Base */ = {isa = PBXFileReference; lastKnownFileType = file.storyboard; name = Base; path = Base.lproj/LaunchScreen.storyboard; sourceTree = "<group>"; };
		36CED61B21FFBA3100CF0C8C /* Info.plist */ = {isa = PBXFileReference; lastKnownFileType = text.plist.xml; path = Info.plist; sourceTree = "<group>"; };
		36CED62021FFBA3100CF0C8C /* TipCalTests.xctest */ = {isa = PBXFileReference; explicitFileType = wrapper.cfbundle; includeInIndex = 0; path = TipCalTests.xctest; sourceTree = BUILT_PRODUCTS_DIR; };
		36CED62421FFBA3100CF0C8C /* TipCalTests.swift */ = {isa = PBXFileReference; lastKnownFileType = sourcecode.swift; path = TipCalTests.swift; sourceTree = "<group>"; };
		36CED62621FFBA3100CF0C8C /* Info.plist */ = {isa = PBXFileReference; lastKnownFileType = text.plist.xml; path = Info.plist; sourceTree = "<group>"; };
		36CED62B21FFBA3100CF0C8C /* TipCalUITests.xctest */ = {isa = PBXFileReference; explicitFileType = wrapper.cfbundle; includeInIndex = 0; path = TipCalUITests.xctest; sourceTree = BUILT_PRODUCTS_DIR; };
		36CED62F21FFBA3100CF0C8C /* TipCalUITests.swift */ = {isa = PBXFileReference; lastKnownFileType = sourcecode.swift; path = TipCalUITests.swift; sourceTree = "<group>"; };
		36CED63121FFBA3100CF0C8C /* Info.plist */ = {isa = PBXFileReference; lastKnownFileType = text.plist.xml; path = Info.plist; sourceTree = "<group>"; };
/* End PBXFileReference section */

/* Begin PBXFrameworksBuildPhase section */
		36CED60921FFBA2F00CF0C8C /* Frameworks */ = {
			isa = PBXFrameworksBuildPhase;
			buildActionMask = 2147483647;
			files = (
			);
			runOnlyForDeploymentPostprocessing = 0;
		};
		36CED61D21FFBA3100CF0C8C /* Frameworks */ = {
			isa = PBXFrameworksBuildPhase;
			buildActionMask = 2147483647;
			files = (
			);
			runOnlyForDeploymentPostprocessing = 0;
		};
		36CED62821FFBA3100CF0C8C /* Frameworks */ = {
			isa = PBXFrameworksBuildPhase;
			buildActionMask = 2147483647;
			files = (
			);
			runOnlyForDeploymentPostprocessing = 0;
		};
/* End PBXFrameworksBuildPhase section */

/* Begin PBXGroup section */
		36CED60321FFBA2F00CF0C8C = {
			isa = PBXGroup;
			children = (
				36CED60E21FFBA2F00CF0C8C /* TipCal */,
				36CED62321FFBA3100CF0C8C /* TipCalTests */,
				36CED62E21FFBA3100CF0C8C /* TipCalUITests */,
				36CED60D21FFBA2F00CF0C8C /* Products */,
			);
			sourceTree = "<group>";
		};
		36CED60D21FFBA2F00CF0C8C /* Products */ = {
			isa = PBXGroup;
			children = (
				36CED60C21FFBA2F00CF0C8C /* TipCal.app */,
				36CED62021FFBA3100CF0C8C /* TipCalTests.xctest */,
				36CED62B21FFBA3100CF0C8C /* TipCalUITests.xctest */,
			);
			name = Products;
			sourceTree = "<group>";
		};
		36CED60E21FFBA2F00CF0C8C /* TipCal */ = {
			isa = PBXGroup;
			children = (
				36CED60F21FFBA2F00CF0C8C /* AppDelegate.swift */,
				36CED61121FFBA2F00CF0C8C /* ViewController.swift */,
				36CED61321FFBA2F00CF0C8C /* Main.storyboard */,
				36CED61621FFBA3100CF0C8C /* Assets.xcassets */,
				36CED61821FFBA3100CF0C8C /* LaunchScreen.storyboard */,
				36CED61B21FFBA3100CF0C8C /* Info.plist */,
			);
			path = TipCal;
			sourceTree = "<group>";
		};
		36CED62321FFBA3100CF0C8C /* TipCalTests */ = {
			isa = PBXGroup;
			children = (
				36CED62421FFBA3100CF0C8C /* TipCalTests.swift */,
				36CED62621FFBA3100CF0C8C /* Info.plist */,
			);
			path = TipCalTests;
			sourceTree = "<group>";
		};
		36CED62E21FFBA3100CF0C8C /* TipCalUITests */ = {
			isa = PBXGroup;
			children = (
				36CED62F21FFBA3100CF0C8C /* TipCalUITests.swift */,
				36CED63121FFBA3100CF0C8C /* Info.plist */,
			);
			path = TipCalUITests;
			sourceTree = "<group>";
		};
/* End PBXGroup section */

/* Begin PBXNativeTarget section */
		36CED60B21FFBA2F00CF0C8C /* TipCal */ = {
			isa = PBXNativeTarget;
			buildConfigurationList = 36CED63421FFBA3100CF0C8C /* Build configuration list for PBXNativeTarget "TipCal" */;
			buildPhases = (
				36CED60821FFBA2F00CF0C8C /* Sources */,
				36CED60921FFBA2F00CF0C8C /* Frameworks */,
				36CED60A21FFBA2F00CF0C8C /* Resources */,
			);
			buildRules = (
			);
			dependencies = (
			);
			name = TipCal;
			productName = TipCal;
			productReference = 36CED60C21FFBA2F00CF0C8C /* TipCal.app */;
			productType = "com.apple.product-type.application";
		};
		36CED61F21FFBA3100CF0C8C /* TipCalTests */ = {
			isa = PBXNativeTarget;
			buildConfigurationList = 36CED63721FFBA3100CF0C8C /* Build configuration list for PBXNativeTarget "TipCalTests" */;
			buildPhases = (
				36CED61C21FFBA3100CF0C8C /* Sources */,
				36CED61D21FFBA3100CF0C8C /* Frameworks */,
				36CED61E21FFBA3100CF0C8C /* Resources */,
			);
			buildRules = (
			);
			dependencies = (
				36CED62221FFBA3100CF0C8C /* PBXTargetDependency */,
			);
			name = TipCalTests;
			productName = TipCalTests;
			productReference = 36CED62021FFBA3100CF0C8C /* TipCalTests.xctest */;
			productType = "com.apple.product-type.bundle.unit-test";
		};
		36CED62A21FFBA3100CF0C8C /* TipCalUITests */ = {
			isa = PBXNativeTarget;
			buildConfigurationList = 36CED63A21FFBA3100CF0C8C /* Build configuration list for PBXNativeTarget "TipCalUITests" */;
			buildPhases = (
				36CED62721FFBA3100CF0C8C /* Sources */,
				36CED62821FFBA3100CF0C8C /* Frameworks */,
				36CED62921FFBA3100CF0C8C /* Resources */,
			);
			buildRules = (
			);
			dependencies = (
				36CED62D21FFBA3100CF0C8C /* PBXTargetDependency */,
			);
			name = TipCalUITests;
			productName = TipCalUITests;
			productReference = 36CED62B21FFBA3100CF0C8C /* TipCalUITests.xctest */;
			productType = "com.apple.product-type.bundle.ui-testing";
		};
/* End PBXNativeTarget section */

/* Begin PBXProject section */
		36CED60421FFBA2F00CF0C8C /* Project object */ = {
			isa = PBXProject;
			attributes = {
				LastSwiftUpdateCheck = 1010;
				LastUpgradeCheck = 1010;
				ORGANIZATIONNAME = codepath;
				TargetAttributes = {
					36CED60B21FFBA2F00CF0C8C = {
						CreatedOnToolsVersion = 10.1;
					};
					36CED61F21FFBA3100CF0C8C = {
						CreatedOnToolsVersion = 10.1;
						TestTargetID = 36CED60B21FFBA2F00CF0C8C;
					};
					36CED62A21FFBA3100CF0C8C = {
						CreatedOnToolsVersion = 10.1;
						TestTargetID = 36CED60B21FFBA2F00CF0C8C;
					};
				};
			};
			buildConfigurationList = 36CED60721FFBA2F00CF0C8C /* Build configuration list for PBXProject "TipCal" */;
			compatibilityVersion = "Xcode 9.3";
			developmentRegion = en;
			hasScannedForEncodings = 0;
			knownRegions = (
				en,
				Base,
			);
			mainGroup = 36CED60321FFBA2F00CF0C8C;
			productRefGroup = 36CED60D21FFBA2F00CF0C8C /* Products */;
			projectDirPath = "";
			projectRoot = "";
			targets = (
				36CED60B21FFBA2F00CF0C8C /* TipCal */,
				36CED61F21FFBA3100CF0C8C /* TipCalTests */,
				36CED62A21FFBA3100CF0C8C /* TipCalUITests */,
			);
		};
/* End PBXProject section */

/* Begin PBXResourcesBuildPhase section */
		36CED60A21FFBA2F00CF0C8C /* Resources */ = {
			isa = PBXResourcesBuildPhase;
			buildActionMask = 2147483647;
			files = (
				36CED61A21FFBA3100CF0C8C /* LaunchScreen.storyboard in Resources */,
				36CED61721FFBA3100CF0C8C /* Assets.xcassets in Resources */,
				36CED61521FFBA2F00CF0C8C /* Main.storyboard in Resources */,
			);
			runOnlyForDeploymentPostprocessing = 0;
		};
		36CED61E21FFBA3100CF0C8C /* Resources */ = {
			isa = PBXResourcesBuildPhase;
			buildActionMask = 2147483647;
			files = (
			);
			runOnlyForDeploymentPostprocessing = 0;
		};
		36CED62921FFBA3100CF0C8C /* Resources */ = {
			isa = PBXResourcesBuildPhase;
			buildActionMask = 2147483647;
			files = (
			);
			runOnlyForDeploymentPostprocessing = 0;
		};
/* End PBXResourcesBuildPhase section */

/* Begin PBXSourcesBuildPhase section */
		36CED60821FFBA2F00CF0C8C /* Sources */ = {
			isa = PBXSourcesBuildPhase;
			buildActionMask = 2147483647;
			files = (
				36CED61221FFBA2F00CF0C8C /* ViewController.swift in Sources */,
				36CED61021FFBA2F00CF0C8C /* AppDelegate.swift in Sources */,
			);
			runOnlyForDeploymentPostprocessing = 0;
		};
		36CED61C21FFBA3100CF0C8C /* Sources */ = {
			isa = PBXSourcesBuildPhase;
			buildActionMask = 2147483647;
			files = (
				36CED62521FFBA3100CF0C8C /* TipCalTests.swift in Sources */,
			);
			runOnlyForDeploymentPostprocessing = 0;
		};
		36CED62721FFBA3100CF0C8C /* Sources */ = {
			isa = PBXSourcesBuildPhase;
			buildActionMask = 2147483647;
			files = (
				36CED63021FFBA3100CF0C8C /* TipCalUITests.swift in Sources */,
			);
			runOnlyForDeploymentPostprocessing = 0;
		};
/* End PBXSourcesBuildPhase section */

/* Begin PBXTargetDependency section */
		36CED62221FFBA3100CF0C8C /* PBXTargetDependency */ = {
			isa = PBXTargetDependency;
			target = 36CED60B21FFBA2F00CF0C8C /* TipCal */;
			targetProxy = 36CED62121FFBA3100CF0C8C /* PBXContainerItemProxy */;
		};
		36CED62D21FFBA3100CF0C8C /* PBXTargetDependency */ = {
			isa = PBXTargetDependency;
			target = 36CED60B21FFBA2F00CF0C8C /* TipCal */;
			targetProxy = 36CED62C21FFBA3100CF0C8C /* PBXContainerItemProxy */;
		};
/* End PBXTargetDependency section */

/* Begin PBXVariantGroup section */
		36CED61321FFBA2F00CF0C8C /* Main.storyboard */ = {
			isa = PBXVariantGroup;
			children = (
				36CED61421FFBA2F00CF0C8C /* Base */,
			);
			name = Main.storyboard;
			sourceTree = "<group>";
		};
		36CED61821FFBA3100CF0C8C /* LaunchScreen.storyboard */ = {
			isa = PBXVariantGroup;
			children = (
				36CED61921FFBA3100CF0C8C /* Base */,
			);
			name = LaunchScreen.storyboard;
			sourceTree = "<group>";
		};
/* End PBXVariantGroup section */

/* Begin XCBuildConfiguration section */
		36CED63221FFBA3100CF0C8C /* Debug */ = {
			isa = XCBuildConfiguration;
			buildSettings = {
				ALWAYS_SEARCH_USER_PATHS = NO;
				CLANG_ANALYZER_NONNULL = YES;
				CLANG_ANALYZER_NUMBER_OBJECT_CONVERSION = YES_AGGRESSIVE;
				CLANG_CXX_LANGUAGE_STANDARD = "gnu++14";
				CLANG_CXX_LIBRARY = "libc++";
				CLANG_ENABLE_MODULES = YES;
				CLANG_ENABLE_OBJC_ARC = YES;
				CLANG_ENABLE_OBJC_WEAK = YES;
				CLANG_WARN_BLOCK_CAPTURE_AUTORELEASING = YES;
				CLANG_WARN_BOOL_CONVERSION = YES;
				CLANG_WARN_COMMA = YES;
				CLANG_WARN_CONSTANT_CONVERSION = YES;
				CLANG_WARN_DEPRECATED_OBJC_IMPLEMENTATIONS = YES;
				CLANG_WARN_DIRECT_OBJC_ISA_USAGE = YES_ERROR;
				CLANG_WARN_DOCUMENTATION_COMMENTS = YES;
				CLANG_WARN_EMPTY_BODY = YES;
				CLANG_WARN_ENUM_CONVERSION = YES;
				CLANG_WARN_INFINITE_RECURSION = YES;
				CLANG_WARN_INT_CONVERSION = YES;
				CLANG_WARN_NON_LITERAL_NULL_CONVERSION = YES;
				CLANG_WARN_OBJC_IMPLICIT_RETAIN_SELF = YES;
				CLANG_WARN_OBJC_LITERAL_CONVERSION = YES;
				CLANG_WARN_OBJC_ROOT_CLASS = YES_ERROR;
				CLANG_WARN_RANGE_LOOP_ANALYSIS = YES;
				CLANG_WARN_STRICT_PROTOTYPES = YES;
				CLANG_WARN_SUSPICIOUS_MOVE = YES;
				CLANG_WARN_UNGUARDED_AVAILABILITY = YES_AGGRESSIVE;
				CLANG_WARN_UNREACHABLE_CODE = YES;
				CLANG_WARN__DUPLICATE_METHOD_MATCH = YES;
				CODE_SIGN_IDENTITY = "iPhone Developer";
				COPY_PHASE_STRIP = NO;
				DEBUG_INFORMATION_FORMAT = dwarf;
				ENABLE_STRICT_OBJC_MSGSEND = YES;
				ENABLE_TESTABILITY = YES;
				GCC_C_LANGUAGE_STANDARD = gnu11;
				GCC_DYNAMIC_NO_PIC = NO;
				GCC_NO_COMMON_BLOCKS = YES;
				GCC_OPTIMIZATION_LEVEL = 0;
				GCC_PREPROCESSOR_DEFINITIONS = (
					"DEBUG=1",
					"$(inherited)",
				);
				GCC_WARN_64_TO_32_BIT_CONVERSION = YES;
				GCC_WARN_ABOUT_RETURN_TYPE = YES_ERROR;
				GCC_WARN_UNDECLARED_SELECTOR = YES;
				GCC_WARN_UNINITIALIZED_AUTOS = YES_AGGRESSIVE;
				GCC_WARN_UNUSED_FUNCTION = YES;
				GCC_WARN_UNUSED_VARIABLE = YES;
				IPHONEOS_DEPLOYMENT_TARGET = 12.1;
				MTL_ENABLE_DEBUG_INFO = INCLUDE_SOURCE;
				MTL_FAST_MATH = YES;
				ONLY_ACTIVE_ARCH = YES;
				SDKROOT = iphoneos;
				SWIFT_ACTIVE_COMPILATION_CONDITIONS = DEBUG;
				SWIFT_OPTIMIZATION_LEVEL = "-Onone";
			};
			name = Debug;
		};
		36CED63321FFBA3100CF0C8C /* Release */ = {
			isa = XCBuildConfiguration;
			buildSettings = {
				ALWAYS_SEARCH_USER_PATHS = NO;
				CLANG_ANALYZER_NONNULL = YES;
				CLANG_ANALYZER_NUMBER_OBJECT_CONVERSION = YES_AGGRESSIVE;
				CLANG_CXX_LANGUAGE_STANDARD = "gnu++14";
				CLANG_CXX_LIBRARY = "libc++";
				CLANG_ENABLE_MODULES = YES;
				CLANG_ENABLE_OBJC_ARC = YES;
				CLANG_ENABLE_OBJC_WEAK = YES;
				CLANG_WARN_BLOCK_CAPTURE_AUTORELEASING = YES;
				CLANG_WARN_BOOL_CONVERSION = YES;
				CLANG_WARN_COMMA = YES;
				CLANG_WARN_CONSTANT_CONVERSION = YES;
				CLANG_WARN_DEPRECATED_OBJC_IMPLEMENTATIONS = YES;
				CLANG_WARN_DIRECT_OBJC_ISA_USAGE = YES_ERROR;
				CLANG_WARN_DOCUMENTATION_COMMENTS = YES;
				CLANG_WARN_EMPTY_BODY = YES;
				CLANG_WARN_ENUM_CONVERSION = YES;
				CLANG_WARN_INFINITE_RECURSION = YES;
				CLANG_WARN_INT_CONVERSION = YES;
				CLANG_WARN_NON_LITERAL_NULL_CONVERSION = YES;
				CLANG_WARN_OBJC_IMPLICIT_RETAIN_SELF = YES;
				CLANG_WARN_OBJC_LITERAL_CONVERSION = YES;
				CLANG_WARN_OBJC_ROOT_CLASS = YES_ERROR;
				CLANG_WARN_RANGE_LOOP_ANALYSIS = YES;
				CLANG_WARN_STRICT_PROTOTYPES = YES;
				CLANG_WARN_SUSPICIOUS_MOVE = YES;
				CLANG_WARN_UNGUARDED_AVAILABILITY = YES_AGGRESSIVE;
				CLANG_WARN_UNREACHABLE_CODE = YES;
				CLANG_WARN__DUPLICATE_METHOD_MATCH = YES;
				CODE_SIGN_IDENTITY = "iPhone Developer";
				COPY_PHASE_STRIP = NO;
				DEBUG_INFORMATION_FORMAT = "dwarf-with-dsym";
				ENABLE_NS_ASSERTIONS = NO;
				ENABLE_STRICT_OBJC_MSGSEND = YES;
				GCC_C_LANGUAGE_STANDARD = gnu11;
				GCC_NO_COMMON_BLOCKS = YES;
				GCC_WARN_64_TO_32_BIT_CONVERSION = YES;
				GCC_WARN_ABOUT_RETURN_TYPE = YES_ERROR;
				GCC_WARN_UNDECLARED_SELECTOR = YES;
				GCC_WARN_UNINITIALIZED_AUTOS = YES_AGGRESSIVE;
				GCC_WARN_UNUSED_FUNCTION = YES;
				GCC_WARN_UNUSED_VARIABLE = YES;
				IPHONEOS_DEPLOYMENT_TARGET = 12.1;
				MTL_ENABLE_DEBUG_INFO = NO;
				MTL_FAST_MATH = YES;
				SDKROOT = iphoneos;
				SWIFT_COMPILATION_MODE = wholemodule;
				SWIFT_OPTIMIZATION_LEVEL = "-O";
				VALIDATE_PRODUCT = YES;
			};
			name = Release;
		};
		36CED63521FFBA3100CF0C8C /* Debug */ = {
			isa = XCBuildConfiguration;
			buildSettings = {
				ASSETCATALOG_COMPILER_APPICON_NAME = AppIcon;
				CODE_SIGN_STYLE = Automatic;
				INFOPLIST_FILE = TipCal/Info.plist;
				LD_RUNPATH_SEARCH_PATHS = (
					"$(inherited)",
					"@executable_path/Frameworks",
				);
				PRODUCT_BUNDLE_IDENTIFIER = com.codepath.TipCal;
				PRODUCT_NAME = "$(TARGET_NAME)";
				SWIFT_VERSION = 4.2;
				TARGETED_DEVICE_FAMILY = "1,2";
			};
			name = Debug;
		};
		36CED63621FFBA3100CF0C8C /* Release */ = {
			isa = XCBuildConfiguration;
			buildSettings = {
				ASSETCATALOG_COMPILER_APPICON_NAME = AppIcon;
				CODE_SIGN_STYLE = Automatic;
				INFOPLIST_FILE = TipCal/Info.plist;
				LD_RUNPATH_SEARCH_PATHS = (
					"$(inherited)",
					"@executable_path/Frameworks",
				);
				PRODUCT_BUNDLE_IDENTIFIER = com.codepath.TipCal;
				PRODUCT_NAME = "$(TARGET_NAME)";
				SWIFT_VERSION = 4.2;
				TARGETED_DEVICE_FAMILY = "1,2";
			};
			name = Release;
		};
		36CED63821FFBA3100CF0C8C /* Debug */ = {
			isa = XCBuildConfiguration;
			buildSettings = {
				ALWAYS_EMBED_SWIFT_STANDARD_LIBRARIES = YES;
				BUNDLE_LOADER = "$(TEST_HOST)";
				CODE_SIGN_STYLE = Automatic;
				INFOPLIST_FILE = TipCalTests/Info.plist;
				LD_RUNPATH_SEARCH_PATHS = (
					"$(inherited)",
					"@executable_path/Frameworks",
					"@loader_path/Frameworks",
				);
				PRODUCT_BUNDLE_IDENTIFIER = com.codepath.TipCalTests;
				PRODUCT_NAME = "$(TARGET_NAME)";
				SWIFT_VERSION = 4.2;
				TARGETED_DEVICE_FAMILY = "1,2";
				TEST_HOST = "$(BUILT_PRODUCTS_DIR)/TipCal.app/TipCal";
			};
			name = Debug;
		};
		36CED63921FFBA3100CF0C8C /* Release */ = {
			isa = XCBuildConfiguration;
			buildSettings = {
				ALWAYS_EMBED_SWIFT_STANDARD_LIBRARIES = YES;
				BUNDLE_LOADER = "$(TEST_HOST)";
				CODE_SIGN_STYLE = Automatic;
				INFOPLIST_FILE = TipCalTests/Info.plist;
				LD_RUNPATH_SEARCH_PATHS = (
					"$(inherited)",
					"@executable_path/Frameworks",
					"@loader_path/Frameworks",
				);
				PRODUCT_BUNDLE_IDENTIFIER = com.codepath.TipCalTests;
				PRODUCT_NAME = "$(TARGET_NAME)";
				SWIFT_VERSION = 4.2;
				TARGETED_DEVICE_FAMILY = "1,2";
				TEST_HOST = "$(BUILT_PRODUCTS_DIR)/TipCal.app/TipCal";
			};
			name = Release;
		};
		36CED63B21FFBA3100CF0C8C /* Debug */ = {
			isa = XCBuildConfiguration;
			buildSettings = {
				ALWAYS_EMBED_SWIFT_STANDARD_LIBRARIES = YES;
				CODE_SIGN_STYLE = Automatic;
				INFOPLIST_FILE = TipCalUITests/Info.plist;
				LD_RUNPATH_SEARCH_PATHS = (
					"$(inherited)",
					"@executable_path/Frameworks",
					"@loader_path/Frameworks",
				);
				PRODUCT_BUNDLE_IDENTIFIER = com.codepath.TipCalUITests;
				PRODUCT_NAME = "$(TARGET_NAME)";
				SWIFT_VERSION = 4.2;
				TARGETED_DEVICE_FAMILY = "1,2";
				TEST_TARGET_NAME = TipCal;
			};
			name = Debug;
		};
		36CED63C21FFBA3100CF0C8C /* Release */ = {
			isa = XCBuildConfiguration;
			buildSettings = {
				ALWAYS_EMBED_SWIFT_STANDARD_LIBRARIES = YES;
				CODE_SIGN_STYLE = Automatic;
				INFOPLIST_FILE = TipCalUITests/Info.plist;
				LD_RUNPATH_SEARCH_PATHS = (
					"$(inherited)",
					"@executable_path/Frameworks",
					"@loader_path/Frameworks",
				);
				PRODUCT_BUNDLE_IDENTIFIER = com.codepath.TipCalUITests;
				PRODUCT_NAME = "$(TARGET_NAME)";
				SWIFT_VERSION = 4.2;
				TARGETED_DEVICE_FAMILY = "1,2";
				TEST_TARGET_NAME = TipCal;
			};
			name = Release;
		};
/* End XCBuildConfiguration section */

/* Begin XCConfigurationList section */
		36CED60721FFBA2F00CF0C8C /* Build configuration list for PBXProject "TipCal" */ = {
			isa = XCConfigurationList;
			buildConfigurations = (
				36CED63221FFBA3100CF0C8C /* Debug */,
				36CED63321FFBA3100CF0C8C /* Release */,
			);
			defaultConfigurationIsVisible = 0;
			defaultConfigurationName = Release;
		};
		36CED63421FFBA3100CF0C8C /* Build configuration list for PBXNativeTarget "TipCal" */ = {
			isa = XCConfigurationList;
			buildConfigurations = (
				36CED63521FFBA3100CF0C8C /* Debug */,
				36CED63621FFBA3100CF0C8C /* Release */,
			);
			defaultConfigurationIsVisible = 0;
			defaultConfigurationName = Release;
		};
		36CED63721FFBA3100CF0C8C /* Build configuration list for PBXNativeTarget "TipCalTests" */ = {
			isa = XCConfigurationList;
			buildConfigurations = (
				36CED63821FFBA3100CF0C8C /* Debug */,
				36CED63921FFBA3100CF0C8C /* Release */,
			);
			defaultConfigurationIsVisible = 0;
			defaultConfigurationName = Release;
		};
		36CED63A21FFBA3100CF0C8C /* Build configuration list for PBXNativeTarget "TipCalUITests" */ = {
			isa = XCConfigurationList;
			buildConfigurations = (
				36CED63B21FFBA3100CF0C8C /* Debug */,
				36CED63C21FFBA3100CF0C8C /* Release */,
			);
			defaultConfigurationIsVisible = 0;
			defaultConfigurationName = Release;
		};
/* End XCConfigurationList section */
	};
	rootObject = 36CED60421FFBA2F00CF0C8C /* Project object */;
}
